
Microsoft Visual Studio Solution File, Format Version 12.00
# Visual Studio 15
Project("{FAE04EC0-301F-11D3-BF4B-00C04F79EFBC}") = "TimePeriod.iOS", "TimePeriod.iOS.csproj", "{03FEF469-8584-4300-9570-6ADEFBA86EEB}"
EndProject
Global
	GlobalSection(SolutionConfigurationPlatforms) = preSolution
		Debug|Any CPU = Debug|Any CPU
		Release|Any CPU = Release|Any CPU
	EndGlobalSection
	GlobalSection(ProjectConfigurationPlatforms) = postSolution
		{03FEF469-8584-4300-9570-6ADEFBA86EEB}.Debug|Any CPU.ActiveCfg = Debug|Any CPU
		{03FEF469-8584-4300-9570-6ADEFBA86EEB}.Debug|Any CPU.Build.0 = Debug|Any CPU
		{03FEF469-8584-4300-9570-6ADEFBA86EEB}.Release|Any CPU.ActiveCfg = Release|Any CPU
		{03FEF469-8584-4300-9570-6ADEFBA86EEB}.Release|Any CPU.Build.0 = Release|Any CPU
	EndGlobalSection
EndGlobal
